// !$*UTF8*$!
{
	archiveVersion = 1;
	classes = {
	};
	objectVersion = 50;
	objects = {

/* Begin PBXBuildFile section */
		F382495F25C4F16C00E6B92E /* AppDelegate.swift in Sources */ = {isa = PBXBuildFile; fileRef = F382495E25C4F16C00E6B92E /* AppDelegate.swift */; };
		F382496125C4F16C00E6B92E /* SceneDelegate.swift in Sources */ = {isa = PBXBuildFile; fileRef = F382496025C4F16C00E6B92E /* SceneDelegate.swift */; };
		F382496325C4F16C00E6B92E /* ContentView.swift in Sources */ = {isa = PBXBuildFile; fileRef = F382496225C4F16C00E6B92E /* ContentView.swift */; };
		F382496525C4F16F00E6B92E /* Assets.xcassets in Resources */ = {isa = PBXBuildFile; fileRef = F382496425C4F16F00E6B92E /* Assets.xcassets */; };
		F382496825C4F16F00E6B92E /* Preview Assets.xcassets in Resources */ = {isa = PBXBuildFile; fileRef = F382496725C4F16F00E6B92E /* Preview Assets.xcassets */; };
		F382496B25C4F16F00E6B92E /* LaunchScreen.storyboard in Resources */ = {isa = PBXBuildFile; fileRef = F382496925C4F16F00E6B92E /* LaunchScreen.storyboard */; };
		F382497625C4F16F00E6B92E /* EmployeeListTests.swift in Sources */ = {isa = PBXBuildFile; fileRef = F382497525C4F16F00E6B92E /* EmployeeListTests.swift */; };
/* End PBXBuildFile section */

/* Begin PBXContainerItemProxy section */
		F382497225C4F16F00E6B92E /* PBXContainerItemProxy */ = {
			isa = PBXContainerItemProxy;
			containerPortal = F382495325C4F16C00E6B92E /* Project object */;
			proxyType = 1;
			remoteGlobalIDString = F382495A25C4F16C00E6B92E;
			remoteInfo = EmployeeList;
		};
/* End PBXContainerItemProxy section */

/* Begin PBXFileReference section */
		F382495B25C4F16C00E6B92E /* EmployeeList.app */ = {isa = PBXFileReference; explicitFileType = wrapper.application; includeInIndex = 0; path = EmployeeList.app; sourceTree = BUILT_PRODUCTS_DIR; };
		F382495E25C4F16C00E6B92E /* AppDelegate.swift */ = {isa = PBXFileReference; lastKnownFileType = sourcecode.swift; path = AppDelegate.swift; sourceTree = "<group>"; };
		F382496025C4F16C00E6B92E /* SceneDelegate.swift */ = {isa = PBXFileReference; lastKnownFileType = sourcecode.swift; path = SceneDelegate.swift; sourceTree = "<group>"; };
		F382496225C4F16C00E6B92E /* ContentView.swift */ = {isa = PBXFileReference; lastKnownFileType = sourcecode.swift; path = ContentView.swift; sourceTree = "<group>"; };
		F382496425C4F16F00E6B92E /* Assets.xcassets */ = {isa = PBXFileReference; lastKnownFileType = folder.assetcatalog; path = Assets.xcassets; sourceTree = "<group>"; };
		F382496725C4F16F00E6B92E /* Preview Assets.xcassets */ = {isa = PBXFileReference; lastKnownFileType = folder.assetcatalog; path = "Preview Assets.xcassets"; sourceTree = "<group>"; };
		F382496A25C4F16F00E6B92E /* Base */ = {isa = PBXFileReference; lastKnownFileType = file.storyboard; name = Base; path = Base.lproj/LaunchScreen.storyboard; sourceTree = "<group>"; };
		F382496C25C4F16F00E6B92E /* Info.plist */ = {isa = PBXFileReference; lastKnownFileType = text.plist.xml; path = Info.plist; sourceTree = "<group>"; };
		F382497125C4F16F00E6B92E /* EmployeeListTests.xctest */ = {isa = PBXFileReference; explicitFileType = wrapper.cfbundle; includeInIndex = 0; path = EmployeeListTests.xctest; sourceTree = BUILT_PRODUCTS_DIR; };
		F382497525C4F16F00E6B92E /* EmployeeListTests.swift */ = {isa = PBXFileReference; lastKnownFileType = sourcecode.swift; path = EmployeeListTests.swift; sourceTree = "<group>"; };
		F382497725C4F16F00E6B92E /* Info.plist */ = {isa = PBXFileReference; lastKnownFileType = text.plist.xml; path = Info.plist; sourceTree = "<group>"; };
/* End PBXFileReference section */

/* Begin PBXFrameworksBuildPhase section */
		F382495825C4F16C00E6B92E /* Frameworks */ = {
			isa = PBXFrameworksBuildPhase;
			buildActionMask = 2147483647;
			files = (
			);
			runOnlyForDeploymentPostprocessing = 0;
		};
		F382496E25C4F16F00E6B92E /* Frameworks */ = {
			isa = PBXFrameworksBuildPhase;
			buildActionMask = 2147483647;
			files = (
			);
			runOnlyForDeploymentPostprocessing = 0;
		};
/* End PBXFrameworksBuildPhase section */

/* Begin PBXGroup section */
		F382495225C4F16C00E6B92E = {
			isa = PBXGroup;
			children = (
				F382495D25C4F16C00E6B92E /* EmployeeList */,
				F382497425C4F16F00E6B92E /* EmployeeListTests */,
				F382495C25C4F16C00E6B92E /* Products */,
			);
			sourceTree = "<group>";
		};
		F382495C25C4F16C00E6B92E /* Products */ = {
			isa = PBXGroup;
			children = (
				F382495B25C4F16C00E6B92E /* EmployeeList.app */,
				F382497125C4F16F00E6B92E /* EmployeeListTests.xctest */,
			);
			name = Products;
			sourceTree = "<group>";
		};
		F382495D25C4F16C00E6B92E /* EmployeeList */ = {
			isa = PBXGroup;
			children = (
				F382495E25C4F16C00E6B92E /* AppDelegate.swift */,
				F382496025C4F16C00E6B92E /* SceneDelegate.swift */,
				F382496225C4F16C00E6B92E /* ContentView.swift */,
				F382496425C4F16F00E6B92E /* Assets.xcassets */,
				F382496925C4F16F00E6B92E /* LaunchScreen.storyboard */,
				F382496C25C4F16F00E6B92E /* Info.plist */,
				F382496625C4F16F00E6B92E /* Preview Content */,
			);
			path = EmployeeList;
			sourceTree = "<group>";
		};
		F382496625C4F16F00E6B92E /* Preview Content */ = {
			isa = PBXGroup;
			children = (
				F382496725C4F16F00E6B92E /* Preview Assets.xcassets */,
			);
			path = "Preview Content";
			sourceTree = "<group>";
		};
		F382497425C4F16F00E6B92E /* EmployeeListTests */ = {
			isa = PBXGroup;
			children = (
				F382497525C4F16F00E6B92E /* EmployeeListTests.swift */,
				F382497725C4F16F00E6B92E /* Info.plist */,
			);
			path = EmployeeListTests;
			sourceTree = "<group>";
		};
/* End PBXGroup section */

/* Begin PBXNativeTarget section */
		F382495A25C4F16C00E6B92E /* EmployeeList */ = {
			isa = PBXNativeTarget;
			buildConfigurationList = F382497A25C4F16F00E6B92E /* Build configuration list for PBXNativeTarget "EmployeeList" */;
			buildPhases = (
				F382495725C4F16C00E6B92E /* Sources */,
				F382495825C4F16C00E6B92E /* Frameworks */,
				F382495925C4F16C00E6B92E /* Resources */,
			);
			buildRules = (
			);
			dependencies = (
			);
			name = EmployeeList;
			productName = EmployeeList;
			productReference = F382495B25C4F16C00E6B92E /* EmployeeList.app */;
			productType = "com.apple.product-type.application";
		};
		F382497025C4F16F00E6B92E /* EmployeeListTests */ = {
			isa = PBXNativeTarget;
			buildConfigurationList = F382497D25C4F16F00E6B92E /* Build configuration list for PBXNativeTarget "EmployeeListTests" */;
			buildPhases = (
				F382496D25C4F16F00E6B92E /* Sources */,
				F382496E25C4F16F00E6B92E /* Frameworks */,
				F382496F25C4F16F00E6B92E /* Resources */,
			);
			buildRules = (
			);
			dependencies = (
				F382497325C4F16F00E6B92E /* PBXTargetDependency */,
			);
			name = EmployeeListTests;
			productName = EmployeeListTests;
			productReference = F382497125C4F16F00E6B92E /* EmployeeListTests.xctest */;
			productType = "com.apple.product-type.bundle.unit-test";
		};
/* End PBXNativeTarget section */

/* Begin PBXProject section */
		F382495325C4F16C00E6B92E /* Project object */ = {
			isa = PBXProject;
			attributes = {
				LastSwiftUpdateCheck = 1150;
				LastUpgradeCheck = 1150;
				ORGANIZATIONNAME = None;
				TargetAttributes = {
					F382495A25C4F16C00E6B92E = {
						CreatedOnToolsVersion = 11.5;
					};
					F382497025C4F16F00E6B92E = {
						CreatedOnToolsVersion = 11.5;
						TestTargetID = F382495A25C4F16C00E6B92E;
					};
				};
			};
			buildConfigurationList = F382495625C4F16C00E6B92E /* Build configuration list for PBXProject "EmployeeList" */;
			compatibilityVersion = "Xcode 9.3";
			developmentRegion = en;
			hasScannedForEncodings = 0;
			knownRegions = (
				en,
				Base,
			);
			mainGroup = F382495225C4F16C00E6B92E;
			productRefGroup = F382495C25C4F16C00E6B92E /* Products */;
			projectDirPath = "";
			projectRoot = "";
			targets = (
				F382495A25C4F16C00E6B92E /* EmployeeList */,
				F382497025C4F16F00E6B92E /* EmployeeListTests */,
			);
		};
/* End PBXProject section */

/* Begin PBXResourcesBuildPhase section */
		F382495925C4F16C00E6B92E /* Resources */ = {
			isa = PBXResourcesBuildPhase;
			buildActionMask = 2147483647;
			files = (
				F382496B25C4F16F00E6B92E /* LaunchScreen.storyboard in Resources */,
				F382496825C4F16F00E6B92E /* Preview Assets.xcassets in Resources */,
				F382496525C4F16F00E6B92E /* Assets.xcassets in Resources */,
			);
			runOnlyForDeploymentPostprocessing = 0;
		};
		F382496F25C4F16F00E6B92E /* Resources */ = {
			isa = PBXResourcesBuildPhase;
			buildActionMask = 2147483647;
			files = (
			);
			runOnlyForDeploymentPostprocessing = 0;
		};
/* End PBXResourcesBuildPhase section */

/* Begin PBXSourcesBuildPhase section */
		F382495725C4F16C00E6B92E /* Sources */ = {
			isa = PBXSourcesBuildPhase;
			buildActionMask = 2147483647;
			files = (
				F382495F25C4F16C00E6B92E /* AppDelegate.swift in Sources */,
				F382496125C4F16C00E6B92E /* SceneDelegate.swift in Sources */,
				F382496325C4F16C00E6B92E /* ContentView.swift in Sources */,
			);
			runOnlyForDeploymentPostprocessing = 0;
		};
		F382496D25C4F16F00E6B92E /* Sources */ = {
			isa = PBXSourcesBuildPhase;
			buildActionMask = 2147483647;
			files = (
				F382497625C4F16F00E6B92E /* EmployeeListTests.swift in Sources */,
			);
			runOnlyForDeploymentPostprocessing = 0;
		};
/* End PBXSourcesBuildPhase section */

/* Begin PBXTargetDependency section */
		F382497325C4F16F00E6B92E /* PBXTargetDependency */ = {
			isa = PBXTargetDependency;
			target = F382495A25C4F16C00E6B92E /* EmployeeList */;
			targetProxy = F382497225C4F16F00E6B92E /* PBXContainerItemProxy */;
		};
/* End PBXTargetDependency section */

/* Begin PBXVariantGroup section */
		F382496925C4F16F00E6B92E /* LaunchScreen.storyboard */ = {
			isa = PBXVariantGroup;
			children = (
				F382496A25C4F16F00E6B92E /* Base */,
			);
			name = LaunchScreen.storyboard;
			sourceTree = "<group>";
		};
/* End PBXVariantGroup section */

/* Begin XCBuildConfiguration section */
		F382497825C4F16F00E6B92E /* Debug */ = {
			isa = XCBuildConfiguration;
			buildSettings = {
				ALWAYS_SEARCH_USER_PATHS = NO;
				CLANG_ANALYZER_NONNULL = YES;
				CLANG_ANALYZER_NUMBER_OBJECT_CONVERSION = YES_AGGRESSIVE;
				CLANG_CXX_LANGUAGE_STANDARD = "gnu++14";
				CLANG_CXX_LIBRARY = "libc++";
				CLANG_ENABLE_MODULES = YES;
				CLANG_ENABLE_OBJC_ARC = YES;
				CLANG_ENABLE_OBJC_WEAK = YES;
				CLANG_WARN_BLOCK_CAPTURE_AUTORELEASING = YES;
				CLANG_WARN_BOOL_CONVERSION = YES;
				CLANG_WARN_COMMA = YES;
				CLANG_WARN_CONSTANT_CONVERSION = YES;
				CLANG_WARN_DEPRECATED_OBJC_IMPLEMENTATIONS = YES;
				CLANG_WARN_DIRECT_OBJC_ISA_USAGE = YES_ERROR;
				CLANG_WARN_DOCUMENTATION_COMMENTS = YES;
				CLANG_WARN_EMPTY_BODY = YES;
				CLANG_WARN_ENUM_CONVERSION = YES;
				CLANG_WARN_INFINITE_RECURSION = YES;
				CLANG_WARN_INT_CONVERSION = YES;
				CLANG_WARN_NON_LITERAL_NULL_CONVERSION = YES;
				CLANG_WARN_OBJC_IMPLICIT_RETAIN_SELF = YES;
				CLANG_WARN_OBJC_LITERAL_CONVERSION = YES;
				CLANG_WARN_OBJC_ROOT_CLASS = YES_ERROR;
				CLANG_WARN_RANGE_LOOP_ANALYSIS = YES;
				CLANG_WARN_STRICT_PROTOTYPES = YES;
				CLANG_WARN_SUSPICIOUS_MOVE = YES;
				CLANG_WARN_UNGUARDED_AVAILABILITY = YES_AGGRESSIVE;
				CLANG_WARN_UNREACHABLE_CODE = YES;
				CLANG_WARN__DUPLICATE_METHOD_MATCH = YES;
				COPY_PHASE_STRIP = NO;
				DEBUG_INFORMATION_FORMAT = dwarf;
				ENABLE_STRICT_OBJC_MSGSEND = YES;
				ENABLE_TESTABILITY = YES;
				GCC_C_LANGUAGE_STANDARD = gnu11;
				GCC_DYNAMIC_NO_PIC = NO;
				GCC_NO_COMMON_BLOCKS = YES;
				GCC_OPTIMIZATION_LEVEL = 0;
				GCC_PREPROCESSOR_DEFINITIONS = (
					"DEBUG=1",
					"$(inherited)",
				);
				GCC_WARN_64_TO_32_BIT_CONVERSION = YES;
				GCC_WARN_ABOUT_RETURN_TYPE = YES_ERROR;
				GCC_WARN_UNDECLARED_SELECTOR = YES;
				GCC_WARN_UNINITIALIZED_AUTOS = YES_AGGRESSIVE;
				GCC_WARN_UNUSED_FUNCTION = YES;
				GCC_WARN_UNUSED_VARIABLE = YES;
				IPHONEOS_DEPLOYMENT_TARGET = 13.5;
				MTL_ENABLE_DEBUG_INFO = INCLUDE_SOURCE;
				MTL_FAST_MATH = YES;
				ONLY_ACTIVE_ARCH = YES;
				SDKROOT = iphoneos;
				SWIFT_ACTIVE_COMPILATION_CONDITIONS = DEBUG;
				SWIFT_OPTIMIZATION_LEVEL = "-Onone";
			};
			name = Debug;
		};
		F382497925C4F16F00E6B92E /* Release */ = {
			isa = XCBuildConfiguration;
			buildSettings = {
				ALWAYS_SEARCH_USER_PATHS = NO;
				CLANG_ANALYZER_NONNULL = YES;
				CLANG_ANALYZER_NUMBER_OBJECT_CONVERSION = YES_AGGRESSIVE;
				CLANG_CXX_LANGUAGE_STANDARD = "gnu++14";
				CLANG_CXX_LIBRARY = "libc++";
				CLANG_ENABLE_MODULES = YES;
				CLANG_ENABLE_OBJC_ARC = YES;
				CLANG_ENABLE_OBJC_WEAK = YES;
				CLANG_WARN_BLOCK_CAPTURE_AUTORELEASING = YES;
				CLANG_WARN_BOOL_CONVERSION = YES;
				CLANG_WARN_COMMA = YES;
				CLANG_WARN_CONSTANT_CONVERSION = YES;
				CLANG_WARN_DEPRECATED_OBJC_IMPLEMENTATIONS = YES;
				CLANG_WARN_DIRECT_OBJC_ISA_USAGE = YES_ERROR;
				CLANG_WARN_DOCUMENTATION_COMMENTS = YES;
				CLANG_WARN_EMPTY_BODY = YES;
				CLANG_WARN_ENUM_CONVERSION = YES;
				CLANG_WARN_INFINITE_RECURSION = YES;
				CLANG_WARN_INT_CONVERSION = YES;
				CLANG_WARN_NON_LITERAL_NULL_CONVERSION = YES;
				CLANG_WARN_OBJC_IMPLICIT_RETAIN_SELF = YES;
				CLANG_WARN_OBJC_LITERAL_CONVERSION = YES;
				CLANG_WARN_OBJC_ROOT_CLASS = YES_ERROR;
				CLANG_WARN_RANGE_LOOP_ANALYSIS = YES;
				CLANG_WARN_STRICT_PROTOTYPES = YES;
				CLANG_WARN_SUSPICIOUS_MOVE = YES;
				CLANG_WARN_UNGUARDED_AVAILABILITY = YES_AGGRESSIVE;
				CLANG_WARN_UNREACHABLE_CODE = YES;
				CLANG_WARN__DUPLICATE_METHOD_MATCH = YES;
				COPY_PHASE_STRIP = NO;
				DEBUG_INFORMATION_FORMAT = "dwarf-with-dsym";
				ENABLE_NS_ASSERTIONS = NO;
				ENABLE_STRICT_OBJC_MSGSEND = YES;
				GCC_C_LANGUAGE_STANDARD = gnu11;
				GCC_NO_COMMON_BLOCKS = YES;
				GCC_WARN_64_TO_32_BIT_CONVERSION = YES;
				GCC_WARN_ABOUT_RETURN_TYPE = YES_ERROR;
				GCC_WARN_UNDECLARED_SELECTOR = YES;
				GCC_WARN_UNINITIALIZED_AUTOS = YES_AGGRESSIVE;
				GCC_WARN_UNUSED_FUNCTION = YES;
				GCC_WARN_UNUSED_VARIABLE = YES;
				IPHONEOS_DEPLOYMENT_TARGET = 13.5;
				MTL_ENABLE_DEBUG_INFO = NO;
				MTL_FAST_MATH = YES;
				SDKROOT = iphoneos;
				SWIFT_COMPILATION_MODE = wholemodule;
				SWIFT_OPTIMIZATION_LEVEL = "-O";
				VALIDATE_PRODUCT = YES;
			};
			name = Release;
		};
		F382497B25C4F16F00E6B92E /* Debug */ = {
			isa = XCBuildConfiguration;
			buildSettings = {
				ASSETCATALOG_COMPILER_APPICON_NAME = AppIcon;
				CODE_SIGN_STYLE = Automatic;
				DEVELOPMENT_ASSET_PATHS = "\"EmployeeList/Preview Content\"";
				DEVELOPMENT_TEAM = 63NU2U66Q9;
				ENABLE_PREVIEWS = YES;
				INFOPLIST_FILE = EmployeeList/Info.plist;
				LD_RUNPATH_SEARCH_PATHS = (
					"$(inherited)",
					"@executable_path/Frameworks",
				);
				PRODUCT_BUNDLE_IDENTIFIER = wangsiman.EmployeeList;
				PRODUCT_NAME = "$(TARGET_NAME)";
				SWIFT_VERSION = 5.0;
				TARGETED_DEVICE_FAMILY = "1,2";
			};
			name = Debug;
		};
		F382497C25C4F16F00E6B92E /* Release */ = {
			isa = XCBuildConfiguration;
			buildSettings = {
				ASSETCATALOG_COMPILER_APPICON_NAME = AppIcon;
				CODE_SIGN_STYLE = Automatic;
				DEVELOPMENT_ASSET_PATHS = "\"EmployeeList/Preview Content\"";
				DEVELOPMENT_TEAM = 63NU2U66Q9;
				ENABLE_PREVIEWS = YES;
				INFOPLIST_FILE = EmployeeList/Info.plist;
				LD_RUNPATH_SEARCH_PATHS = (
					"$(inherited)",
					"@executable_path/Frameworks",
				);
				PRODUCT_BUNDLE_IDENTIFIER = wangsiman.EmployeeList;
				PRODUCT_NAME = "$(TARGET_NAME)";
				SWIFT_VERSION = 5.0;
				TARGETED_DEVICE_FAMILY = "1,2";
			};
			name = Release;
		};
		F382497E25C4F16F00E6B92E /* Debug */ = {
			isa = XCBuildConfiguration;
			buildSettings = {
				ALWAYS_EMBED_SWIFT_STANDARD_LIBRARIES = YES;
				BUNDLE_LOADER = "$(TEST_HOST)";
				CODE_SIGN_STYLE = Automatic;
				DEVELOPMENT_TEAM = 63NU2U66Q9;
				INFOPLIST_FILE = EmployeeListTests/Info.plist;
				IPHONEOS_DEPLOYMENT_TARGET = 13.5;
				LD_RUNPATH_SEARCH_PATHS = (
					"$(inherited)",
					"@executable_path/Frameworks",
					"@loader_path/Frameworks",
				);
				PRODUCT_BUNDLE_IDENTIFIER = wangsiman.EmployeeListTests;
				PRODUCT_NAME = "$(TARGET_NAME)";
				SWIFT_VERSION = 5.0;
				TARGETED_DEVICE_FAMILY = "1,2";
				TEST_HOST = "$(BUILT_PRODUCTS_DIR)/EmployeeList.app/EmployeeList";
			};
			name = Debug;
		};
		F382497F25C4F16F00E6B92E /* Release */ = {
			isa = XCBuildConfiguration;
			buildSettings = {
				ALWAYS_EMBED_SWIFT_STANDARD_LIBRARIES = YES;
				BUNDLE_LOADER = "$(TEST_HOST)";
				CODE_SIGN_STYLE = Automatic;
				DEVELOPMENT_TEAM = 63NU2U66Q9;
				INFOPLIST_FILE = EmployeeListTests/Info.plist;
				IPHONEOS_DEPLOYMENT_TARGET = 13.5;
				LD_RUNPATH_SEARCH_PATHS = (
					"$(inherited)",
					"@executable_path/Frameworks",
					"@loader_path/Frameworks",
				);
				PRODUCT_BUNDLE_IDENTIFIER = wangsiman.EmployeeListTests;
				PRODUCT_NAME = "$(TARGET_NAME)";
				SWIFT_VERSION = 5.0;
				TARGETED_DEVICE_FAMILY = "1,2";
				TEST_HOST = "$(BUILT_PRODUCTS_DIR)/EmployeeList.app/EmployeeList";
			};
			name = Release;
		};
/* End XCBuildConfiguration section */

/* Begin XCConfigurationList section */
		F382495625C4F16C00E6B92E /* Build configuration list for PBXProject "EmployeeList" */ = {
			isa = XCConfigurationList;
			buildConfigurations = (
				F382497825C4F16F00E6B92E /* Debug */,
				F382497925C4F16F00E6B92E /* Release */,
			);
			defaultConfigurationIsVisible = 0;
			defaultConfigurationName = Release;
		};
		F382497A25C4F16F00E6B92E /* Build configuration list for PBXNativeTarget "EmployeeList" */ = {
			isa = XCConfigurationList;
			buildConfigurations = (
				F382497B25C4F16F00E6B92E /* Debug */,
				F382497C25C4F16F00E6B92E /* Release */,
			);
			defaultConfigurationIsVisible = 0;
			defaultConfigurationName = Release;
		};
		F382497D25C4F16F00E6B92E /* Build configuration list for PBXNativeTarget "EmployeeListTests" */ = {
			isa = XCConfigurationList;
			buildConfigurations = (
				F382497E25C4F16F00E6B92E /* Debug */,
				F382497F25C4F16F00E6B92E /* Release */,
			);
			defaultConfigurationIsVisible = 0;
			defaultConfigurationName = Release;
		};
/* End XCConfigurationList section */
	};
	rootObject = F382495325C4F16C00E6B92E /* Project object */;
}
